
Microsoft Visual Studio Solution File, Format Version 12.00
# Visual Studio Version 17
VisualStudioVersion = 17.11.35312.102
MinimumVisualStudioVersion = 10.0.40219.1
Project("{FAE04EC0-301F-11D3-BF4B-00C04F79EFBC}") = "C# atm project", "C# atm project\C# atm project.csproj", "{916E0AC0-223E-4A6D-AB45-5835543FC506}"
EndProject
Global
	GlobalSection(SolutionConfigurationPlatforms) = preSolution
		Debug|Any CPU = Debug|Any CPU
		Release|Any CPU = Release|Any CPU
	EndGlobalSection
	GlobalSection(ProjectConfigurationPlatforms) = postSolution
		{916E0AC0-223E-4A6D-AB45-5835543FC506}.Debug|Any CPU.ActiveCfg = Debug|Any CPU
		{916E0AC0-223E-4A6D-AB45-5835543FC506}.Debug|Any CPU.Build.0 = Debug|Any CPU
		{916E0AC0-223E-4A6D-AB45-5835543FC506}.Release|Any CPU.ActiveCfg = Release|Any CPU
		{916E0AC0-223E-4A6D-AB45-5835543FC506}.Release|Any CPU.Build.0 = Release|Any CPU
	EndGlobalSection
	GlobalSection(SolutionProperties) = preSolution
		HideSolutionNode = FALSE
	EndGlobalSection
	GlobalSection(ExtensibilityGlobals) = postSolution
		SolutionGuid = {B9D0F0AA-9341-45CC-97FE-0EA61ACB5FFC}
	EndGlobalSection
EndGlobal
